// !$*UTF8*$!
{
	archiveVersion = 1;
	classes = {
	};
	objectVersion = 46;
	objects = {

/* Begin PBXBuildFile section */
		C950B2771ECABBFC00139277 /* AppDelegate.swift in Sources */ = {isa = PBXBuildFile; fileRef = C950B2761ECABBFC00139277 /* AppDelegate.swift */; };
		C950B2791ECABBFC00139277 /* ViewController.swift in Sources */ = {isa = PBXBuildFile; fileRef = C950B2781ECABBFC00139277 /* ViewController.swift */; };
		C950B27C1ECABBFC00139277 /* Main.storyboard in Resources */ = {isa = PBXBuildFile; fileRef = C950B27A1ECABBFC00139277 /* Main.storyboard */; };
		C950B27E1ECABBFC00139277 /* Assets.xcassets in Resources */ = {isa = PBXBuildFile; fileRef = C950B27D1ECABBFC00139277 /* Assets.xcassets */; };
		C950B2811ECABBFC00139277 /* LaunchScreen.storyboard in Resources */ = {isa = PBXBuildFile; fileRef = C950B27F1ECABBFC00139277 /* LaunchScreen.storyboard */; };
		C950B2891ECAC4FD00139277 /* Fancy.storyboard in Resources */ = {isa = PBXBuildFile; fileRef = C950B2881ECAC4FD00139277 /* Fancy.storyboard */; };
		FE25D3DC1ECAC32000BA8367 /* AshmitaViewController.swift in Sources */ = {isa = PBXBuildFile; fileRef = FE25D3DB1ECAC32000BA8367 /* AshmitaViewController.swift */; };
/* End PBXBuildFile section */

/* Begin PBXFileReference section */
		C950B2731ECABBFC00139277 /* FancyProject.app */ = {isa = PBXFileReference; explicitFileType = wrapper.application; includeInIndex = 0; path = FancyProject.app; sourceTree = BUILT_PRODUCTS_DIR; };
		C950B2761ECABBFC00139277 /* AppDelegate.swift */ = {isa = PBXFileReference; lastKnownFileType = sourcecode.swift; path = AppDelegate.swift; sourceTree = "<group>"; };
		C950B2781ECABBFC00139277 /* ViewController.swift */ = {isa = PBXFileReference; lastKnownFileType = sourcecode.swift; path = ViewController.swift; sourceTree = "<group>"; };
		C950B27B1ECABBFC00139277 /* Base */ = {isa = PBXFileReference; lastKnownFileType = file.storyboard; name = Base; path = Base.lproj/Main.storyboard; sourceTree = "<group>"; };
		C950B27D1ECABBFC00139277 /* Assets.xcassets */ = {isa = PBXFileReference; lastKnownFileType = folder.assetcatalog; path = Assets.xcassets; sourceTree = "<group>"; };
		C950B2801ECABBFC00139277 /* Base */ = {isa = PBXFileReference; lastKnownFileType = file.storyboard; name = Base; path = Base.lproj/LaunchScreen.storyboard; sourceTree = "<group>"; };
		C950B2821ECABBFC00139277 /* Info.plist */ = {isa = PBXFileReference; lastKnownFileType = text.plist.xml; path = Info.plist; sourceTree = "<group>"; };
		C950B2881ECAC4FD00139277 /* Fancy.storyboard */ = {isa = PBXFileReference; fileEncoding = 4; lastKnownFileType = file.storyboard; path = Fancy.storyboard; sourceTree = "<group>"; };
		FE25D3DB1ECAC32000BA8367 /* AshmitaViewController.swift */ = {isa = PBXFileReference; fileEncoding = 4; lastKnownFileType = sourcecode.swift; path = AshmitaViewController.swift; sourceTree = "<group>"; };
/* End PBXFileReference section */

/* Begin PBXFrameworksBuildPhase section */
		C950B2701ECABBFC00139277 /* Frameworks */ = {
			isa = PBXFrameworksBuildPhase;
			buildActionMask = 2147483647;
			files = (
			);
			runOnlyForDeploymentPostprocessing = 0;
		};
/* End PBXFrameworksBuildPhase section */

/* Begin PBXGroup section */
		C950B26A1ECABBFC00139277 = {
			isa = PBXGroup;
			children = (
				C950B2751ECABBFC00139277 /* FancyProject */,
				C950B2741ECABBFC00139277 /* Products */,
			);
			sourceTree = "<group>";
		};
		C950B2741ECABBFC00139277 /* Products */ = {
			isa = PBXGroup;
			children = (
				C950B2731ECABBFC00139277 /* FancyProject.app */,
			);
			name = Products;
			sourceTree = "<group>";
		};
		C950B2751ECABBFC00139277 /* FancyProject */ = {
			isa = PBXGroup;
			children = (
				C950B2761ECABBFC00139277 /* AppDelegate.swift */,
				C950B2781ECABBFC00139277 /* ViewController.swift */,
				C950B27A1ECABBFC00139277 /* Main.storyboard */,
				C950B27D1ECABBFC00139277 /* Assets.xcassets */,
				C950B27F1ECABBFC00139277 /* LaunchScreen.storyboard */,
				C950B2821ECABBFC00139277 /* Info.plist */,
				FE25D3DB1ECAC32000BA8367 /* AshmitaViewController.swift */,
				C950B2881ECAC4FD00139277 /* Fancy.storyboard */,
			);
			path = FancyProject;
			sourceTree = "<group>";
		};
/* End PBXGroup section */

/* Begin PBXNativeTarget section */
		C950B2721ECABBFC00139277 /* FancyProject */ = {
			isa = PBXNativeTarget;
			buildConfigurationList = C950B2851ECABBFC00139277 /* Build configuration list for PBXNativeTarget "FancyProject" */;
			buildPhases = (
				C950B26F1ECABBFC00139277 /* Sources */,
				C950B2701ECABBFC00139277 /* Frameworks */,
				C950B2711ECABBFC00139277 /* Resources */,
			);
			buildRules = (
			);
			dependencies = (
			);
			name = FancyProject;
			productName = FancyProject;
			productReference = C950B2731ECABBFC00139277 /* FancyProject.app */;
			productType = "com.apple.product-type.application";
		};
/* End PBXNativeTarget section */

/* Begin PBXProject section */
		C950B26B1ECABBFC00139277 /* Project object */ = {
			isa = PBXProject;
			attributes = {
				LastSwiftUpdateCheck = 0820;
				LastUpgradeCheck = 0820;
				ORGANIZATIONNAME = "Farheen Banu";
				TargetAttributes = {
					C950B2721ECABBFC00139277 = {
						CreatedOnToolsVersion = 8.2;
						ProvisioningStyle = Automatic;
					};
				};
			};
			buildConfigurationList = C950B26E1ECABBFC00139277 /* Build configuration list for PBXProject "FancyProject" */;
			compatibilityVersion = "Xcode 3.2";
			developmentRegion = English;
			hasScannedForEncodings = 0;
			knownRegions = (
				en,
				Base,
			);
			mainGroup = C950B26A1ECABBFC00139277;
			productRefGroup = C950B2741ECABBFC00139277 /* Products */;
			projectDirPath = "";
			projectRoot = "";
			targets = (
				C950B2721ECABBFC00139277 /* FancyProject */,
			);
		};
/* End PBXProject section */

/* Begin PBXResourcesBuildPhase section */
		C950B2711ECABBFC00139277 /* Resources */ = {
			isa = PBXResourcesBuildPhase;
			buildActionMask = 2147483647;
			files = (
				C950B2891ECAC4FD00139277 /* Fancy.storyboard in Resources */,
				C950B2811ECABBFC00139277 /* LaunchScreen.storyboard in Resources */,
				C950B27E1ECABBFC00139277 /* Assets.xcassets in Resources */,
				C950B27C1ECABBFC00139277 /* Main.storyboard in Resources */,
			);
			runOnlyForDeploymentPostprocessing = 0;
		};
/* End PBXResourcesBuildPhase section */

/* Begin PBXSourcesBuildPhase section */
		C950B26F1ECABBFC00139277 /* Sources */ = {
			isa = PBXSourcesBuildPhase;
			buildActionMask = 2147483647;
			files = (
				FE25D3DC1ECAC32000BA8367 /* AshmitaViewController.swift in Sources */,
				C950B2791ECABBFC00139277 /* ViewController.swift in Sources */,
				C950B2771ECABBFC00139277 /* AppDelegate.swift in Sources */,
			);
			runOnlyForDeploymentPostprocessing = 0;
		};
/* End PBXSourcesBuildPhase section */

/* Begin PBXVariantGroup section */
		C950B27A1ECABBFC00139277 /* Main.storyboard */ = {
			isa = PBXVariantGroup;
			children = (
				C950B27B1ECABBFC00139277 /* Base */,
			);
			name = Main.storyboard;
			sourceTree = "<group>";
		};
		C950B27F1ECABBFC00139277 /* LaunchScreen.storyboard */ = {
			isa = PBXVariantGroup;
			children = (
				C950B2801ECABBFC00139277 /* Base */,
			);
			name = LaunchScreen.storyboard;
			sourceTree = "<group>";
		};
/* End PBXVariantGroup section */

/* Begin XCBuildConfiguration section */
		C950B2831ECABBFC00139277 /* Debug */ = {
			isa = XCBuildConfiguration;
			buildSettings = {
				ALWAYS_SEARCH_USER_PATHS = NO;
				CLANG_ANALYZER_NONNULL = YES;
				CLANG_CXX_LANGUAGE_STANDARD = "gnu++0x";
				CLANG_CXX_LIBRARY = "libc++";
				CLANG_ENABLE_MODULES = YES;
				CLANG_ENABLE_OBJC_ARC = YES;
				CLANG_WARN_BOOL_CONVERSION = YES;
				CLANG_WARN_CONSTANT_CONVERSION = YES;
				CLANG_WARN_DIRECT_OBJC_ISA_USAGE = YES_ERROR;
				CLANG_WARN_DOCUMENTATION_COMMENTS = YES;
				CLANG_WARN_EMPTY_BODY = YES;
				CLANG_WARN_ENUM_CONVERSION = YES;
				CLANG_WARN_INFINITE_RECURSION = YES;
				CLANG_WARN_INT_CONVERSION = YES;
				CLANG_WARN_OBJC_ROOT_CLASS = YES_ERROR;
				CLANG_WARN_SUSPICIOUS_MOVE = YES;
				CLANG_WARN_UNREACHABLE_CODE = YES;
				CLANG_WARN__DUPLICATE_METHOD_MATCH = YES;
				"CODE_SIGN_IDENTITY[sdk=iphoneos*]" = "iPhone Developer";
				COPY_PHASE_STRIP = NO;
				DEBUG_INFORMATION_FORMAT = dwarf;
				ENABLE_STRICT_OBJC_MSGSEND = YES;
				ENABLE_TESTABILITY = YES;
				GCC_C_LANGUAGE_STANDARD = gnu99;
				GCC_DYNAMIC_NO_PIC = NO;
				GCC_NO_COMMON_BLOCKS = YES;
				GCC_OPTIMIZATION_LEVEL = 0;
				GCC_PREPROCESSOR_DEFINITIONS = (
					"DEBUG=1",
					"$(inherited)",
				);
				GCC_WARN_64_TO_32_BIT_CONVERSION = YES;
				GCC_WARN_ABOUT_RETURN_TYPE = YES_ERROR;
				GCC_WARN_UNDECLARED_SELECTOR = YES;
				GCC_WARN_UNINITIALIZED_AUTOS = YES_AGGRESSIVE;
				GCC_WARN_UNUSED_FUNCTION = YES;
				GCC_WARN_UNUSED_VARIABLE = YES;
				IPHONEOS_DEPLOYMENT_TARGET = 10.2;
				MTL_ENABLE_DEBUG_INFO = YES;
				ONLY_ACTIVE_ARCH = YES;
				SDKROOT = iphoneos;
				SWIFT_ACTIVE_COMPILATION_CONDITIONS = DEBUG;
				SWIFT_OPTIMIZATION_LEVEL = "-Onone";
				TARGETED_DEVICE_FAMILY = "1,2";
			};
			name = Debug;
		};
		C950B2841ECABBFC00139277 /* Release */ = {
			isa = XCBuildConfiguration;
			buildSettings = {
				ALWAYS_SEARCH_USER_PATHS = NO;
				CLANG_ANALYZER_NONNULL = YES;
				CLANG_CXX_LANGUAGE_STANDARD = "gnu++0x";
				CLANG_CXX_LIBRARY = "libc++";
				CLANG_ENABLE_MODULES = YES;
				CLANG_ENABLE_OBJC_ARC = YES;
				CLANG_WARN_BOOL_CONVERSION = YES;
				CLANG_WARN_CONSTANT_CONVERSION = YES;
				CLANG_WARN_DIRECT_OBJC_ISA_USAGE = YES_ERROR;
				CLANG_WARN_DOCUMENTATION_COMMENTS = YES;
				CLANG_WARN_EMPTY_BODY = YES;
				CLANG_WARN_ENUM_CONVERSION = YES;
				CLANG_WARN_INFINITE_RECURSION = YES;
				CLANG_WARN_INT_CONVERSION = YES;
				CLANG_WARN_OBJC_ROOT_CLASS = YES_ERROR;
				CLANG_WARN_SUSPICIOUS_MOVE = YES;
				CLANG_WARN_UNREACHABLE_CODE = YES;
				CLANG_WARN__DUPLICATE_METHOD_MATCH = YES;
				"CODE_SIGN_IDENTITY[sdk=iphoneos*]" = "iPhone Developer";
				COPY_PHASE_STRIP = NO;
				DEBUG_INFORMATION_FORMAT = "dwarf-with-dsym";
				ENABLE_NS_ASSERTIONS = NO;
				ENABLE_STRICT_OBJC_MSGSEND = YES;
				GCC_C_LANGUAGE_STANDARD = gnu99;
				GCC_NO_COMMON_BLOCKS = YES;
				GCC_WARN_64_TO_32_BIT_CONVERSION = YES;
				GCC_WARN_ABOUT_RETURN_TYPE = YES_ERROR;
				GCC_WARN_UNDECLARED_SELECTOR = YES;
				GCC_WARN_UNINITIALIZED_AUTOS = YES_AGGRESSIVE;
				GCC_WARN_UNUSED_FUNCTION = YES;
				GCC_WARN_UNUSED_VARIABLE = YES;
				IPHONEOS_DEPLOYMENT_TARGET = 10.2;
				MTL_ENABLE_DEBUG_INFO = NO;
				SDKROOT = iphoneos;
				SWIFT_OPTIMIZATION_LEVEL = "-Owholemodule";
				TARGETED_DEVICE_FAMILY = "1,2";
				VALIDATE_PRODUCT = YES;
			};
			name = Release;
		};
		C950B2861ECABBFC00139277 /* Debug */ = {
			isa = XCBuildConfiguration;
			buildSettings = {
				ASSETCATALOG_COMPILER_APPICON_NAME = AppIcon;
				INFOPLIST_FILE = FancyProject/Info.plist;
				LD_RUNPATH_SEARCH_PATHS = "$(inherited) @executable_path/Frameworks";
				PRODUCT_BUNDLE_IDENTIFIER = com.esignature.FancyProject;
				PRODUCT_NAME = "$(TARGET_NAME)";
				SWIFT_VERSION = 3.0;
			};
			name = Debug;
		};
		C950B2871ECABBFC00139277 /* Release */ = {
			isa = XCBuildConfiguration;
			buildSettings = {
				ASSETCATALOG_COMPILER_APPICON_NAME = AppIcon;
				INFOPLIST_FILE = FancyProject/Info.plist;
				LD_RUNPATH_SEARCH_PATHS = "$(inherited) @executable_path/Frameworks";
				PRODUCT_BUNDLE_IDENTIFIER = com.esignature.FancyProject;
				PRODUCT_NAME = "$(TARGET_NAME)";
				SWIFT_VERSION = 3.0;
			};
			name = Release;
		};
/* End XCBuildConfiguration section */

/* Begin XCConfigurationList section */
		C950B26E1ECABBFC00139277 /* Build configuration list for PBXProject "FancyProject" */ = {
			isa = XCConfigurationList;
			buildConfigurations = (
				C950B2831ECABBFC00139277 /* Debug */,
				C950B2841ECABBFC00139277 /* Release */,
			);
			defaultConfigurationIsVisible = 0;
			defaultConfigurationName = Release;
		};
		C950B2851ECABBFC00139277 /* Build configuration list for PBXNativeTarget "FancyProject" */ = {
			isa = XCConfigurationList;
			buildConfigurations = (
				C950B2861ECABBFC00139277 /* Debug */,
				C950B2871ECABBFC00139277 /* Release */,
			);
			defaultConfigurationIsVisible = 0;
			defaultConfigurationName = Release;
		};
/* End XCConfigurationList section */
	};
	rootObject = C950B26B1ECABBFC00139277 /* Project object */;
}
